<?xml version="1.0" encoding="utf-8"?>
<Project ToolsVersion="17.0" xmlns="http://schemas.microsoft.com/developer/msbuild/2003">
  <ItemGroup>
    <ClCompile Include="D:\source\repos\Vulkan Project\src\API\Input.cpp">
      <Filter>src\API</Filter>
    </ClCompile>
    <ClCompile Include="D:\source\repos\Vulkan Project\src\API\PerspectiveCamera.cpp">
      <Filter>src\API</Filter>
    </ClCompile>
    <ClCompile Include="D:\source\repos\Vulkan Project\src\API\Time.cpp">
      <Filter>src\API</Filter>
    </ClCompile>
    <ClCompile Include="D:\source\repos\Vulkan Project\src\Application.cpp">
      <Filter>src</Filter>
    </ClCompile>
    <ClCompile Include="D:\source\repos\Vulkan Project\src\Events\EventHandler.cpp">
      <Filter>src\Events</Filter>
    </ClCompile>
    <ClCompile Include="D:\source\repos\Vulkan Project\src\Graphics\Buffers.cpp">
      <Filter>src\Graphics</Filter>
    </ClCompile>
    <ClCompile Include="D:\source\repos\Vulkan Project\src\Graphics\Framebuffer.cpp">
      <Filter>src\Graphics</Filter>
    </ClCompile>
    <ClCompile Include="D:\source\repos\Vulkan Project\src\Graphics\Mesh.cpp">
      <Filter>src\Graphics</Filter>
    </ClCompile>
    <ClCompile Include="D:\source\repos\Vulkan Project\src\Graphics\Pipeline.cpp">
      <Filter>src\Graphics</Filter>
    </ClCompile>
    <ClCompile Include="D:\source\repos\Vulkan Project\src\Graphics\RenderPass.cpp">
      <Filter>src\Graphics</Filter>
    </ClCompile>
    <ClCompile Include="D:\source\repos\Vulkan Project\src\Graphics\Renderer.cpp">
      <Filter>src\Graphics</Filter>
    </ClCompile>
    <ClCompile Include="D:\source\repos\Vulkan Project\src\Graphics\Shader.cpp">
      <Filter>src\Graphics</Filter>
    </ClCompile>
    <ClCompile Include="D:\source\repos\Vulkan Project\src\Utils.cpp">
      <Filter>src</Filter>
    </ClCompile>
    <ClCompile Include="D:\source\repos\Vulkan Project\src\Vulkan\Device.cpp">
      <Filter>src\Vulkan</Filter>
    </ClCompile>
    <ClCompile Include="D:\source\repos\Vulkan Project\src\Vulkan\ResourceManager.cpp">
      <Filter>src\Vulkan</Filter>
    </ClCompile>
    <ClCompile Include="D:\source\repos\Vulkan Project\src\Vulkan\Swapchain.cpp">
      <Filter>src\Vulkan</Filter>
    </ClCompile>
    <ClCompile Include="D:\source\repos\Vulkan Project\src\Vulkan\VulkanContext.cpp">
      <Filter>src\Vulkan</Filter>
    </ClCompile>
    <ClCompile Include="D:\source\repos\Vulkan Project\src\Vulkan\Window.cpp">
      <Filter>src\Vulkan</Filter>
    </ClCompile>
    <ClCompile Include="D:\source\repos\Vulkan Project\src\main.cpp">
      <Filter>src</Filter>
    </ClCompile>
  </ItemGroup>
  <ItemGroup>
    <ClInclude Include="D:\source\repos\Vulkan Project\src\API\Input.h">
      <Filter>src\API</Filter>
    </ClInclude>
    <ClInclude Include="D:\source\repos\Vulkan Project\src\API\PerspectiveCamera.h">
      <Filter>src\API</Filter>
    </ClInclude>
    <ClInclude Include="D:\source\repos\Vulkan Project\src\API\Time.h">
      <Filter>src\API</Filter>
    </ClInclude>
    <ClInclude Include="D:\source\repos\Vulkan Project\src\Application.h">
      <Filter>src</Filter>
    </ClInclude>
    <ClInclude Include="D:\source\repos\Vulkan Project\src\Enums.h">
      <Filter>src</Filter>
    </ClInclude>
    <ClInclude Include="D:\source\repos\Vulkan Project\src\Events\Event.h">
      <Filter>src\Events</Filter>
    </ClInclude>
    <ClInclude Include="D:\source\repos\Vulkan Project\src\Events\EventHandler.h">
      <Filter>src\Events</Filter>
    </ClInclude>
    <ClInclude Include="D:\source\repos\Vulkan Project\src\Graphics\Buffers.h">
      <Filter>src\Graphics</Filter>
    </ClInclude>
    <ClInclude Include="D:\source\repos\Vulkan Project\src\Graphics\Framebuffer.h">
      <Filter>src\Graphics</Filter>
    </ClInclude>
    <ClInclude Include="D:\source\repos\Vulkan Project\src\Graphics\Mesh.h">
      <Filter>src\Graphics</Filter>
    </ClInclude>
    <ClInclude Include="D:\source\repos\Vulkan Project\src\Graphics\Pipeline.h">
      <Filter>src\Graphics</Filter>
    </ClInclude>
    <ClInclude Include="D:\source\repos\Vulkan Project\src\Graphics\RenderPass.h">
      <Filter>src\Graphics</Filter>
    </ClInclude>
    <ClInclude Include="D:\source\repos\Vulkan Project\src\Graphics\Renderer.h">
      <Filter>src\Graphics</Filter>
    </ClInclude>
    <ClInclude Include="D:\source\repos\Vulkan Project\src\Graphics\Shader.h">
      <Filter>src\Graphics</Filter>
    </ClInclude>
    <ClInclude Include="D:\source\repos\Vulkan Project\src\Graphics\Uniforms.h">
      <Filter>src\Graphics</Filter>
    </ClInclude>
    <ClInclude Include="D:\source\repos\Vulkan Project\src\Graphics\Vertex.h">
      <Filter>src\Graphics</Filter>
    </ClInclude>
    <ClInclude Include="D:\source\repos\Vulkan Project\src\Utils.h">
      <Filter>src</Filter>
    </ClInclude>
    <ClInclude Include="D:\source\repos\Vulkan Project\src\Vulkan\Device.h">
      <Filter>src\Vulkan</Filter>
    </ClInclude>
    <ClInclude Include="D:\source\repos\Vulkan Project\src\Vulkan\ResourceManager.h">
      <Filter>src\Vulkan</Filter>
    </ClInclude>
    <ClInclude Include="D:\source\repos\Vulkan Project\src\Vulkan\Swapchain.h">
      <Filter>src\Vulkan</Filter>
    </ClInclude>
    <ClInclude Include="D:\source\repos\Vulkan Project\src\Vulkan\VulkanContext.h">
      <Filter>src\Vulkan</Filter>
    </ClInclude>
    <ClInclude Include="D:\source\repos\Vulkan Project\src\Vulkan\Window.h">
      <Filter>src\Vulkan</Filter>
    </ClInclude>
    <ClInclude Include="D:\source\repos\Vulkan Project\src\include.h">
      <Filter>src</Filter>
    </ClInclude>
  </ItemGroup>
  <ItemGroup>
    <CustomBuild Include="D:\source\repos\Vulkan Project\CMakeLists.txt" />
  </ItemGroup>
  <ItemGroup>
    <Filter Include="src">
      <UniqueIdentifier>{70267AA2-CEA2-3F2D-8878-356D68B36B4A}</UniqueIdentifier>
    </Filter>
    <Filter Include="src\API">
      <UniqueIdentifier>{25F7972C-D8F0-33A2-8148-000869C4E833}</UniqueIdentifier>
    </Filter>
    <Filter Include="src\Events">
      <UniqueIdentifier>{3911D846-977B-31E1-81CC-1011A0E80B83}</UniqueIdentifier>
    </Filter>
    <Filter Include="src\Graphics">
      <UniqueIdentifier>{98020934-2578-38C5-9DDB-D69420EB433D}</UniqueIdentifier>
    </Filter>
    <Filter Include="src\Vulkan">
      <UniqueIdentifier>{D1F95147-5CF1-3C4B-B162-3719B23201D9}</UniqueIdentifier>
    </Filter>
  </ItemGroup>
</Project>
